{
    "version": 3,
    "terraform_version": "0.10.1",
    "serial": 22,
    "lineage": "b760bd57-86da-4639-a43a-95f74060c98d",
    "modules": [
        {
            "path": [
                "root"
            ],
            "outputs": {
                "network_name": {
                    "sensitive": false,
                    "type": "string",
                    "value": "development-vof-network"
                },
                "private_subnetwork_name": {
                    "sensitive": false,
                    "type": "string",
                    "value": "development-vof-private-subnetwork"
                },
                "vof_db_user_name": {
                    "sensitive": false,
                    "type": "string",
                    "value": "scotty"
                },
                "vof_db_user_password": {
                    "sensitive": false,
                    "type": "string",
                    "value": "scotty"
                }
            },
            "resources": {
                "data.terraform_remote_state.vof": {
                    "type": "terraform_remote_state",
                    "depends_on": [],
                    "primary": {
                        "id": "2017-10-05 13:36:35.828190773 +0000 UTC",
                        "attributes": {
                            "backend": "gcs",
                            "config.%": "4",
                            "config.bucket": "vof-scott",
                            "config.credentials": "/Users/scotty/Desktop/vof-terraform-master/cred.json",
                            "config.path": "mystate/terraform.tfstate",
                            "config.project": "vof-testbed-2",
                            "environment": "default",
                            "id": "2017-10-05 13:36:35.828190773 +0000 UTC",
                            "vof_db_user_name": "scotty",
                            "vof_db_user_password": "scotty"
                        },
                        "meta": {},
                        "tainted": false
                    },
                    "deposed": [],
                    "provider": ""
                },
                "google_compute_firewall.vof-internal-firewall": {
                    "type": "google_compute_firewall",
                    "depends_on": [
                        "google_compute_network.vof-network"
                    ],
                    "primary": {
                        "id": "development-vof-internal-network",
                        "attributes": {
                            "allow.#": "3",
                            "allow.1367131964.ports.#": "0",
                            "allow.1367131964.protocol": "icmp",
                            "allow.2250996047.ports.#": "1",
                            "allow.2250996047.ports.0": "0-65535",
                            "allow.2250996047.protocol": "tcp",
                            "allow.884285603.ports.#": "1",
                            "allow.884285603.ports.0": "0-65535",
                            "allow.884285603.protocol": "udp",
                            "deny.#": "0",
                            "description": "",
                            "destination_ranges.#": "0",
                            "id": "development-vof-internal-network",
                            "name": "development-vof-internal-network",
                            "network": "development-vof-network",
                            "project": "vof-testbed-2",
                            "self_link": "https://www.googleapis.com/compute/v1/projects/vof-testbed-2/global/firewalls/development-vof-internal-network",
                            "source_ranges.#": "0",
                            "source_tags.#": "1",
                            "source_tags.365508689": "web",
                            "target_tags.#": "0"
                        },
                        "meta": {
                            "schema_version": "1"
                        },
                        "tainted": false
                    },
                    "deposed": [],
                    "provider": ""
                },
                "google_compute_firewall.vof-public-firewall": {
                    "type": "google_compute_firewall",
                    "depends_on": [
                        "google_compute_network.vof-network"
                    ],
                    "primary": {
                        "id": "development-vof-public-firewall",
                        "attributes": {
                            "allow.#": "1",
                            "allow.827249178.ports.#": "3",
                            "allow.827249178.ports.0": "80",
                            "allow.827249178.ports.1": "22",
                            "allow.827249178.ports.2": "443",
                            "allow.827249178.protocol": "tcp",
                            "deny.#": "0",
                            "description": "",
                            "destination_ranges.#": "0",
                            "id": "development-vof-public-firewall",
                            "name": "development-vof-public-firewall",
                            "network": "development-vof-network",
                            "project": "vof-testbed-2",
                            "self_link": "https://www.googleapis.com/compute/v1/projects/vof-testbed-2/global/firewalls/development-vof-public-firewall",
                            "source_ranges.#": "1",
                            "source_ranges.1080289494": "0.0.0.0/0",
                            "source_tags.#": "0",
                            "target_tags.#": "1",
                            "target_tags.1727399023": "development-vof-lb"
                        },
                        "meta": {
                            "schema_version": "1"
                        },
                        "tainted": false
                    },
                    "deposed": [],
                    "provider": ""
                },
                "google_compute_https_health_check.vof-app-healthcheck": {
                    "type": "google_compute_https_health_check",
                    "depends_on": [],
                    "primary": {
                        "id": "development-vof-app-healthcheck",
                        "attributes": {
                            "check_interval_sec": "2",
                            "description": "",
                            "healthy_threshold": "2",
                            "host": "",
                            "id": "development-vof-app-healthcheck",
                            "name": "development-vof-app-healthcheck",
                            "port": "443",
                            "request_path": "/",
                            "self_link": "https://www.googleapis.com/compute/v1/projects/vof-testbed-2/global/httpsHealthChecks/development-vof-app-healthcheck",
                            "timeout_sec": "1",
                            "unhealthy_threshold": "2"
                        },
                        "meta": {},
                        "tainted": false
                    },
                    "deposed": [],
                    "provider": ""
                },
                "google_compute_instance.vof": {
                    "type": "google_compute_instance",
                    "depends_on": [],
                    "primary": {
                        "id": "vof-test",
                        "attributes": {
                            "attached_disk.#": "0",
                            "boot_disk.#": "1",
                            "boot_disk.0.auto_delete": "true",
                            "boot_disk.0.device_name": "persistent-disk-0",
                            "boot_disk.0.disk_encryption_key_raw": "",
                            "boot_disk.0.disk_encryption_key_sha256": "",
                            "boot_disk.0.initialize_params.#": "1",
                            "boot_disk.0.initialize_params.0.image": "vof-image-ruby-2017-08-21-124244",
                            "boot_disk.0.initialize_params.0.size": "0",
                            "boot_disk.0.initialize_params.0.type": "",
                            "boot_disk.0.source": "vof-test",
                            "can_ip_forward": "false",
                            "create_timeout": "4",
                            "description": "resource for the vof ruby application",
                            "disk.#": "0",
                            "id": "vof-test",
                            "label_fingerprint": "42WmSpB8rSM=",
                            "machine_type": "n1-standard-1",
                            "metadata.%": "0",
                            "metadata_fingerprint": "BSBkEUJKU7I=",
                            "name": "vof-test",
                            "network.#": "0",
                            "network_interface.#": "1",
                            "network_interface.0.access_config.#": "1",
                            "network_interface.0.access_config.0.assigned_nat_ip": "35.195.150.129",
                            "network_interface.0.access_config.0.nat_ip": "",
                            "network_interface.0.address": "10.132.0.2",
                            "network_interface.0.name": "nic0",
                            "network_interface.0.network": "https://www.googleapis.com/compute/v1/projects/vof-testbed-2/global/networks/default",
                            "network_interface.0.subnetwork": "https://www.googleapis.com/compute/v1/projects/vof-testbed-2/regions/europe-west1/subnetworks/default",
                            "network_interface.0.subnetwork_project": "vof-testbed-2",
                            "scheduling.#": "1",
                            "scheduling.0.automatic_restart": "true",
                            "scheduling.0.on_host_maintenance": "MIGRATE",
                            "scheduling.0.preemptible": "false",
                            "scratch_disk.#": "0",
                            "self_link": "https://www.googleapis.com/compute/v1/projects/vof-testbed-2/zones/europe-west1-b/instances/vof-test",
                            "service_account.#": "0",
                            "tags_fingerprint": "42WmSpB8rSM=",
                            "zone": "europe-west1-b"
                        },
                        "meta": {
                            "schema_version": "2"
                        },
                        "tainted": false
                    },
                    "deposed": [],
                    "provider": ""
                },
                "google_compute_network.vof-network": {
                    "type": "google_compute_network",
                    "depends_on": [],
                    "primary": {
                        "id": "development-vof-network",
                        "attributes": {
                            "auto_create_subnetworks": "false",
                            "gateway_ipv4": "",
                            "id": "development-vof-network",
                            "ipv4_range": "",
                            "name": "development-vof-network",
                            "self_link": "https://www.googleapis.com/compute/v1/projects/vof-testbed-2/global/networks/development-vof-network"
                        },
                        "meta": {},
                        "tainted": false
                    },
                    "deposed": [],
                    "provider": ""
                },
                "google_compute_subnetwork.vof-private-subnetwork": {
                    "type": "google_compute_subnetwork",
                    "depends_on": [
                        "google_compute_network.vof-network"
                    ],
                    "primary": {
                        "id": "europe-west1/development-vof-private-subnetwork",
                        "attributes": {
                            "description": "",
                            "gateway_address": "10.0.0.1",
                            "id": "europe-west1/development-vof-private-subnetwork",
                            "ip_cidr_range": "10.0.0.0/24",
                            "name": "development-vof-private-subnetwork",
                            "network": "https://www.googleapis.com/compute/v1/projects/vof-testbed-2/global/networks/development-vof-network",
                            "private_ip_google_access": "false",
                            "region": "europe-west1",
                            "secondary_ip_range.#": "0",
                            "self_link": "https://www.googleapis.com/compute/v1/projects/vof-testbed-2/regions/europe-west1/subnetworks/development-vof-private-subnetwork"
                        },
                        "meta": {},
                        "tainted": false
                    },
                    "deposed": [],
                    "provider": ""
                }
            },
            "depends_on": []
        }
    ]
}
